
Microsoft Visual Studio Solution File, Format Version 12.00
# Visual Studio Version 16
VisualStudioVersion = 16.0.29411.108
MinimumVisualStudioVersion = 10.0.40219.1
Project("{9A19103F-16F7-4668-BE54-9A1E7A4F7556}") = "FootballAPI", "FootballAPI\FootballAPI.csproj", "{B8AE3CC5-D011-4D24-9F25-9B627D10FF66}"
EndProject
Project("{9A19103F-16F7-4668-BE54-9A1E7A4F7556}") = "FootballAPIUnitTest", "FootballAPIUnitTest\FootballAPIUnitTest.csproj", "{2487A307-DAF2-4E9C-B043-69B06BEC0CA0}"
EndProject
Project("{FAE04EC0-301F-11D3-BF4B-00C04F79EFBC}") = "IntegrationTest", "IntegrationTest\IntegrationTest.csproj", "{92FCEA3A-EAA5-4C53-A5EB-7A3EB3ADB66B}"
EndProject
Global
	GlobalSection(SolutionConfigurationPlatforms) = preSolution
		Debug|Any CPU = Debug|Any CPU
		Release|Any CPU = Release|Any CPU
	EndGlobalSection
	GlobalSection(ProjectConfigurationPlatforms) = postSolution
		{B8AE3CC5-D011-4D24-9F25-9B627D10FF66}.Debug|Any CPU.ActiveCfg = Debug|Any CPU
		{B8AE3CC5-D011-4D24-9F25-9B627D10FF66}.Debug|Any CPU.Build.0 = Debug|Any CPU
		{B8AE3CC5-D011-4D24-9F25-9B627D10FF66}.Release|Any CPU.ActiveCfg = Release|Any CPU
		{B8AE3CC5-D011-4D24-9F25-9B627D10FF66}.Release|Any CPU.Build.0 = Release|Any CPU
		{2487A307-DAF2-4E9C-B043-69B06BEC0CA0}.Debug|Any CPU.ActiveCfg = Debug|Any CPU
		{2487A307-DAF2-4E9C-B043-69B06BEC0CA0}.Debug|Any CPU.Build.0 = Debug|Any CPU
		{2487A307-DAF2-4E9C-B043-69B06BEC0CA0}.Release|Any CPU.ActiveCfg = Release|Any CPU
		{2487A307-DAF2-4E9C-B043-69B06BEC0CA0}.Release|Any CPU.Build.0 = Release|Any CPU
		{92FCEA3A-EAA5-4C53-A5EB-7A3EB3ADB66B}.Debug|Any CPU.ActiveCfg = Debug|Any CPU
		{92FCEA3A-EAA5-4C53-A5EB-7A3EB3ADB66B}.Debug|Any CPU.Build.0 = Debug|Any CPU
		{92FCEA3A-EAA5-4C53-A5EB-7A3EB3ADB66B}.Release|Any CPU.ActiveCfg = Release|Any CPU
		{92FCEA3A-EAA5-4C53-A5EB-7A3EB3ADB66B}.Release|Any CPU.Build.0 = Release|Any CPU
	EndGlobalSection
	GlobalSection(SolutionProperties) = preSolution
		HideSolutionNode = FALSE
	EndGlobalSection
	GlobalSection(ExtensibilityGlobals) = postSolution
		SolutionGuid = {CCD2B0EF-09CA-4DF1-9AEB-8B9654749A2E}
	EndGlobalSection
EndGlobal
